// !$*UTF8*$!
{
	archiveVersion = 1;
	classes = {
	};
	objectVersion = 56;
	objects = {

/* Begin PBXBuildFile section */
		C31E4AD32A16C4000017F328 /* AppCoordinator.swift in Sources */ = {isa = PBXBuildFile; fileRef = C31E4AD22A16C4000017F328 /* AppCoordinator.swift */; };
		C3F0B2782A16B39D00BF63D8 /* AppDelegate.swift in Sources */ = {isa = PBXBuildFile; fileRef = C3F0B2772A16B39D00BF63D8 /* AppDelegate.swift */; };
		C3F0B27A2A16B39D00BF63D8 /* SceneDelegate.swift in Sources */ = {isa = PBXBuildFile; fileRef = C3F0B2792A16B39D00BF63D8 /* SceneDelegate.swift */; };
		C3F0B27C2A16B39D00BF63D8 /* SearchCityViewController.swift in Sources */ = {isa = PBXBuildFile; fileRef = C3F0B27B2A16B39D00BF63D8 /* SearchCityViewController.swift */; };
		C3F0B27F2A16B39D00BF63D8 /* Main.storyboard in Resources */ = {isa = PBXBuildFile; fileRef = C3F0B27D2A16B39D00BF63D8 /* Main.storyboard */; };
		C3F0B2812A16B39F00BF63D8 /* Assets.xcassets in Resources */ = {isa = PBXBuildFile; fileRef = C3F0B2802A16B39F00BF63D8 /* Assets.xcassets */; };
		C3F0B2842A16B39F00BF63D8 /* LaunchScreen.storyboard in Resources */ = {isa = PBXBuildFile; fileRef = C3F0B2822A16B39F00BF63D8 /* LaunchScreen.storyboard */; };
		C3F0B28F2A16B4BC00BF63D8 /* RxSwift in Frameworks */ = {isa = PBXBuildFile; productRef = C3F0B28E2A16B4BC00BF63D8 /* RxSwift */; };
		C3F0B2932A16B8FC00BF63D8 /* SearchCityViewModel.swift in Sources */ = {isa = PBXBuildFile; fileRef = C3F0B2922A16B8FC00BF63D8 /* SearchCityViewModel.swift */; };
		C3F0B2962A16BA6C00BF63D8 /* RxDataSources in Frameworks */ = {isa = PBXBuildFile; productRef = C3F0B2952A16BA6C00BF63D8 /* RxDataSources */; };
		C3F0B2992A16BB7700BF63D8 /* RxCocoa in Frameworks */ = {isa = PBXBuildFile; productRef = C3F0B2982A16BB7700BF63D8 /* RxCocoa */; };
		C3F0B29C2A16BE3200BF63D8 /* SearchCityCoordinator.swift in Sources */ = {isa = PBXBuildFile; fileRef = C3F0B29B2A16BE3200BF63D8 /* SearchCityCoordinator.swift */; };
		C3F0B29E2A16BE5900BF63D8 /* Coordinator.swift in Sources */ = {isa = PBXBuildFile; fileRef = C3F0B29D2A16BE5900BF63D8 /* Coordinator.swift */; };
		C3F0B2A02A16BF3800BF63D8 /* BaseCoordinator.swift in Sources */ = {isa = PBXBuildFile; fileRef = C3F0B29F2A16BF3800BF63D8 /* BaseCoordinator.swift */; };
		C3F0B2A32A16BFB000BF63D8 /* UIViewController+extension.swift in Sources */ = {isa = PBXBuildFile; fileRef = C3F0B2A22A16BFB000BF63D8 /* UIViewController+extension.swift */; };
/* End PBXBuildFile section */

/* Begin PBXFileReference section */
		C31E4AD22A16C4000017F328 /* AppCoordinator.swift */ = {isa = PBXFileReference; lastKnownFileType = sourcecode.swift; path = AppCoordinator.swift; sourceTree = "<group>"; };
		C3F0B2742A16B39D00BF63D8 /* City Airport Search.app */ = {isa = PBXFileReference; explicitFileType = wrapper.application; includeInIndex = 0; path = "City Airport Search.app"; sourceTree = BUILT_PRODUCTS_DIR; };
		C3F0B2772A16B39D00BF63D8 /* AppDelegate.swift */ = {isa = PBXFileReference; lastKnownFileType = sourcecode.swift; path = AppDelegate.swift; sourceTree = "<group>"; };
		C3F0B2792A16B39D00BF63D8 /* SceneDelegate.swift */ = {isa = PBXFileReference; lastKnownFileType = sourcecode.swift; path = SceneDelegate.swift; sourceTree = "<group>"; };
		C3F0B27B2A16B39D00BF63D8 /* SearchCityViewController.swift */ = {isa = PBXFileReference; lastKnownFileType = sourcecode.swift; path = SearchCityViewController.swift; sourceTree = "<group>"; };
		C3F0B27E2A16B39D00BF63D8 /* Base */ = {isa = PBXFileReference; lastKnownFileType = file.storyboard; name = Base; path = Base.lproj/Main.storyboard; sourceTree = "<group>"; };
		C3F0B2802A16B39F00BF63D8 /* Assets.xcassets */ = {isa = PBXFileReference; lastKnownFileType = folder.assetcatalog; path = Assets.xcassets; sourceTree = "<group>"; };
		C3F0B2832A16B39F00BF63D8 /* Base */ = {isa = PBXFileReference; lastKnownFileType = file.storyboard; name = Base; path = Base.lproj/LaunchScreen.storyboard; sourceTree = "<group>"; };
		C3F0B2852A16B39F00BF63D8 /* Info.plist */ = {isa = PBXFileReference; lastKnownFileType = text.plist.xml; path = Info.plist; sourceTree = "<group>"; };
		C3F0B2922A16B8FC00BF63D8 /* SearchCityViewModel.swift */ = {isa = PBXFileReference; lastKnownFileType = sourcecode.swift; path = SearchCityViewModel.swift; sourceTree = "<group>"; };
		C3F0B29B2A16BE3200BF63D8 /* SearchCityCoordinator.swift */ = {isa = PBXFileReference; lastKnownFileType = sourcecode.swift; path = SearchCityCoordinator.swift; sourceTree = "<group>"; };
		C3F0B29D2A16BE5900BF63D8 /* Coordinator.swift */ = {isa = PBXFileReference; lastKnownFileType = sourcecode.swift; path = Coordinator.swift; sourceTree = "<group>"; };
		C3F0B29F2A16BF3800BF63D8 /* BaseCoordinator.swift */ = {isa = PBXFileReference; lastKnownFileType = sourcecode.swift; path = BaseCoordinator.swift; sourceTree = "<group>"; };
		C3F0B2A22A16BFB000BF63D8 /* UIViewController+extension.swift */ = {isa = PBXFileReference; lastKnownFileType = sourcecode.swift; path = "UIViewController+extension.swift"; sourceTree = "<group>"; };
/* End PBXFileReference section */

/* Begin PBXFrameworksBuildPhase section */
		C3F0B2712A16B39D00BF63D8 /* Frameworks */ = {
			isa = PBXFrameworksBuildPhase;
			buildActionMask = 2147483647;
			files = (
				C3F0B2992A16BB7700BF63D8 /* RxCocoa in Frameworks */,
				C3F0B2962A16BA6C00BF63D8 /* RxDataSources in Frameworks */,
				C3F0B28F2A16B4BC00BF63D8 /* RxSwift in Frameworks */,
			);
			runOnlyForDeploymentPostprocessing = 0;
		};
/* End PBXFrameworksBuildPhase section */

/* Begin PBXGroup section */
		C3F0B26B2A16B39D00BF63D8 = {
			isa = PBXGroup;
			children = (
				C3F0B2762A16B39D00BF63D8 /* City Airport Search */,
				C3F0B2752A16B39D00BF63D8 /* Products */,
				C3F0B2972A16BB7700BF63D8 /* Frameworks */,
			);
			sourceTree = "<group>";
		};
		C3F0B2752A16B39D00BF63D8 /* Products */ = {
			isa = PBXGroup;
			children = (
				C3F0B2742A16B39D00BF63D8 /* City Airport Search.app */,
			);
			name = Products;
			sourceTree = "<group>";
		};
		C3F0B2762A16B39D00BF63D8 /* City Airport Search */ = {
			isa = PBXGroup;
			children = (
				C3F0B2A12A16BF9900BF63D8 /* Extensions */,
				C3F0B29A2A16BE2400BF63D8 /* Coodinators */,
				C3F0B2912A16B8B700BF63D8 /* ViewModels */,
				C3F0B2902A16B8AF00BF63D8 /* Views */,
				C3F0B2772A16B39D00BF63D8 /* AppDelegate.swift */,
				C3F0B2792A16B39D00BF63D8 /* SceneDelegate.swift */,
				C3F0B27D2A16B39D00BF63D8 /* Main.storyboard */,
				C3F0B2802A16B39F00BF63D8 /* Assets.xcassets */,
				C3F0B2822A16B39F00BF63D8 /* LaunchScreen.storyboard */,
				C3F0B2852A16B39F00BF63D8 /* Info.plist */,
			);
			path = "City Airport Search";
			sourceTree = "<group>";
		};
		C3F0B2902A16B8AF00BF63D8 /* Views */ = {
			isa = PBXGroup;
			children = (
				C3F0B27B2A16B39D00BF63D8 /* SearchCityViewController.swift */,
			);
			path = Views;
			sourceTree = "<group>";
		};
		C3F0B2912A16B8B700BF63D8 /* ViewModels */ = {
			isa = PBXGroup;
			children = (
				C3F0B2922A16B8FC00BF63D8 /* SearchCityViewModel.swift */,
			);
			path = ViewModels;
			sourceTree = "<group>";
		};
		C3F0B2972A16BB7700BF63D8 /* Frameworks */ = {
			isa = PBXGroup;
			children = (
			);
			name = Frameworks;
			sourceTree = "<group>";
		};
		C3F0B29A2A16BE2400BF63D8 /* Coodinators */ = {
			isa = PBXGroup;
			children = (
				C3F0B29B2A16BE3200BF63D8 /* SearchCityCoordinator.swift */,
				C3F0B29D2A16BE5900BF63D8 /* Coordinator.swift */,
				C3F0B29F2A16BF3800BF63D8 /* BaseCoordinator.swift */,
				C31E4AD22A16C4000017F328 /* AppCoordinator.swift */,
			);
			path = Coodinators;
			sourceTree = "<group>";
		};
		C3F0B2A12A16BF9900BF63D8 /* Extensions */ = {
			isa = PBXGroup;
			children = (
				C3F0B2A22A16BFB000BF63D8 /* UIViewController+extension.swift */,
			);
			path = Extensions;
			sourceTree = "<group>";
		};
/* End PBXGroup section */

/* Begin PBXNativeTarget section */
		C3F0B2732A16B39D00BF63D8 /* City Airport Search */ = {
			isa = PBXNativeTarget;
			buildConfigurationList = C3F0B2882A16B39F00BF63D8 /* Build configuration list for PBXNativeTarget "City Airport Search" */;
			buildPhases = (
				C3F0B2702A16B39D00BF63D8 /* Sources */,
				C3F0B2712A16B39D00BF63D8 /* Frameworks */,
				C3F0B2722A16B39D00BF63D8 /* Resources */,
			);
			buildRules = (
			);
			dependencies = (
			);
			name = "City Airport Search";
			packageProductDependencies = (
				C3F0B28E2A16B4BC00BF63D8 /* RxSwift */,
				C3F0B2952A16BA6C00BF63D8 /* RxDataSources */,
				C3F0B2982A16BB7700BF63D8 /* RxCocoa */,
			);
			productName = "City Airport Search";
			productReference = C3F0B2742A16B39D00BF63D8 /* City Airport Search.app */;
			productType = "com.apple.product-type.application";
		};
/* End PBXNativeTarget section */

/* Begin PBXProject section */
		C3F0B26C2A16B39D00BF63D8 /* Project object */ = {
			isa = PBXProject;
			attributes = {
				BuildIndependentTargetsInParallel = 1;
				LastSwiftUpdateCheck = 1430;
				LastUpgradeCheck = 1430;
				TargetAttributes = {
					C3F0B2732A16B39D00BF63D8 = {
						CreatedOnToolsVersion = 14.3;
					};
				};
			};
			buildConfigurationList = C3F0B26F2A16B39D00BF63D8 /* Build configuration list for PBXProject "City Airport Search" */;
			compatibilityVersion = "Xcode 14.0";
			developmentRegion = en;
			hasScannedForEncodings = 0;
			knownRegions = (
				en,
				Base,
			);
			mainGroup = C3F0B26B2A16B39D00BF63D8;
			packageReferences = (
				C3F0B28B2A16B4BC00BF63D8 /* XCRemoteSwiftPackageReference "RxSwift" */,
				C3F0B2942A16BA6C00BF63D8 /* XCRemoteSwiftPackageReference "RxDataSources" */,
			);
			productRefGroup = C3F0B2752A16B39D00BF63D8 /* Products */;
			projectDirPath = "";
			projectRoot = "";
			targets = (
				C3F0B2732A16B39D00BF63D8 /* City Airport Search */,
			);
		};
/* End PBXProject section */

/* Begin PBXResourcesBuildPhase section */
		C3F0B2722A16B39D00BF63D8 /* Resources */ = {
			isa = PBXResourcesBuildPhase;
			buildActionMask = 2147483647;
			files = (
				C3F0B2842A16B39F00BF63D8 /* LaunchScreen.storyboard in Resources */,
				C3F0B2812A16B39F00BF63D8 /* Assets.xcassets in Resources */,
				C3F0B27F2A16B39D00BF63D8 /* Main.storyboard in Resources */,
			);
			runOnlyForDeploymentPostprocessing = 0;
		};
/* End PBXResourcesBuildPhase section */

/* Begin PBXSourcesBuildPhase section */
		C3F0B2702A16B39D00BF63D8 /* Sources */ = {
			isa = PBXSourcesBuildPhase;
			buildActionMask = 2147483647;
			files = (
				C3F0B27C2A16B39D00BF63D8 /* SearchCityViewController.swift in Sources */,
				C3F0B2782A16B39D00BF63D8 /* AppDelegate.swift in Sources */,
				C3F0B29E2A16BE5900BF63D8 /* Coordinator.swift in Sources */,
				C3F0B29C2A16BE3200BF63D8 /* SearchCityCoordinator.swift in Sources */,
				C3F0B2A32A16BFB000BF63D8 /* UIViewController+extension.swift in Sources */,
				C3F0B2A02A16BF3800BF63D8 /* BaseCoordinator.swift in Sources */,
				C31E4AD32A16C4000017F328 /* AppCoordinator.swift in Sources */,
				C3F0B27A2A16B39D00BF63D8 /* SceneDelegate.swift in Sources */,
				C3F0B2932A16B8FC00BF63D8 /* SearchCityViewModel.swift in Sources */,
			);
			runOnlyForDeploymentPostprocessing = 0;
		};
/* End PBXSourcesBuildPhase section */

/* Begin PBXVariantGroup section */
		C3F0B27D2A16B39D00BF63D8 /* Main.storyboard */ = {
			isa = PBXVariantGroup;
			children = (
				C3F0B27E2A16B39D00BF63D8 /* Base */,
			);
			name = Main.storyboard;
			sourceTree = "<group>";
		};
		C3F0B2822A16B39F00BF63D8 /* LaunchScreen.storyboard */ = {
			isa = PBXVariantGroup;
			children = (
				C3F0B2832A16B39F00BF63D8 /* Base */,
			);
			name = LaunchScreen.storyboard;
			sourceTree = "<group>";
		};
/* End PBXVariantGroup section */

/* Begin XCBuildConfiguration section */
		C3F0B2862A16B39F00BF63D8 /* Debug */ = {
			isa = XCBuildConfiguration;
			buildSettings = {
				ALWAYS_SEARCH_USER_PATHS = NO;
				CLANG_ANALYZER_NONNULL = YES;
				CLANG_ANALYZER_NUMBER_OBJECT_CONVERSION = YES_AGGRESSIVE;
				CLANG_CXX_LANGUAGE_STANDARD = "gnu++20";
				CLANG_ENABLE_MODULES = YES;
				CLANG_ENABLE_OBJC_ARC = YES;
				CLANG_ENABLE_OBJC_WEAK = YES;
				CLANG_WARN_BLOCK_CAPTURE_AUTORELEASING = YES;
				CLANG_WARN_BOOL_CONVERSION = YES;
				CLANG_WARN_COMMA = YES;
				CLANG_WARN_CONSTANT_CONVERSION = YES;
				CLANG_WARN_DEPRECATED_OBJC_IMPLEMENTATIONS = YES;
				CLANG_WARN_DIRECT_OBJC_ISA_USAGE = YES_ERROR;
				CLANG_WARN_DOCUMENTATION_COMMENTS = YES;
				CLANG_WARN_EMPTY_BODY = YES;
				CLANG_WARN_ENUM_CONVERSION = YES;
				CLANG_WARN_INFINITE_RECURSION = YES;
				CLANG_WARN_INT_CONVERSION = YES;
				CLANG_WARN_NON_LITERAL_NULL_CONVERSION = YES;
				CLANG_WARN_OBJC_IMPLICIT_RETAIN_SELF = YES;
				CLANG_WARN_OBJC_LITERAL_CONVERSION = YES;
				CLANG_WARN_OBJC_ROOT_CLASS = YES_ERROR;
				CLANG_WARN_QUOTED_INCLUDE_IN_FRAMEWORK_HEADER = YES;
				CLANG_WARN_RANGE_LOOP_ANALYSIS = YES;
				CLANG_WARN_STRICT_PROTOTYPES = YES;
				CLANG_WARN_SUSPICIOUS_MOVE = YES;
				CLANG_WARN_UNGUARDED_AVAILABILITY = YES_AGGRESSIVE;
				CLANG_WARN_UNREACHABLE_CODE = YES;
				CLANG_WARN__DUPLICATE_METHOD_MATCH = YES;
				COPY_PHASE_STRIP = NO;
				DEBUG_INFORMATION_FORMAT = dwarf;
				ENABLE_STRICT_OBJC_MSGSEND = YES;
				ENABLE_TESTABILITY = YES;
				GCC_C_LANGUAGE_STANDARD = gnu11;
				GCC_DYNAMIC_NO_PIC = NO;
				GCC_NO_COMMON_BLOCKS = YES;
				GCC_OPTIMIZATION_LEVEL = 0;
				GCC_PREPROCESSOR_DEFINITIONS = (
					"DEBUG=1",
					"$(inherited)",
				);
				GCC_WARN_64_TO_32_BIT_CONVERSION = YES;
				GCC_WARN_ABOUT_RETURN_TYPE = YES_ERROR;
				GCC_WARN_UNDECLARED_SELECTOR = YES;
				GCC_WARN_UNINITIALIZED_AUTOS = YES_AGGRESSIVE;
				GCC_WARN_UNUSED_FUNCTION = YES;
				GCC_WARN_UNUSED_VARIABLE = YES;
				IPHONEOS_DEPLOYMENT_TARGET = 16.4;
				MTL_ENABLE_DEBUG_INFO = INCLUDE_SOURCE;
				MTL_FAST_MATH = YES;
				ONLY_ACTIVE_ARCH = YES;
				SDKROOT = iphoneos;
				SWIFT_ACTIVE_COMPILATION_CONDITIONS = DEBUG;
				SWIFT_OPTIMIZATION_LEVEL = "-Onone";
			};
			name = Debug;
		};
		C3F0B2872A16B39F00BF63D8 /* Release */ = {
			isa = XCBuildConfiguration;
			buildSettings = {
				ALWAYS_SEARCH_USER_PATHS = NO;
				CLANG_ANALYZER_NONNULL = YES;
				CLANG_ANALYZER_NUMBER_OBJECT_CONVERSION = YES_AGGRESSIVE;
				CLANG_CXX_LANGUAGE_STANDARD = "gnu++20";
				CLANG_ENABLE_MODULES = YES;
				CLANG_ENABLE_OBJC_ARC = YES;
				CLANG_ENABLE_OBJC_WEAK = YES;
				CLANG_WARN_BLOCK_CAPTURE_AUTORELEASING = YES;
				CLANG_WARN_BOOL_CONVERSION = YES;
				CLANG_WARN_COMMA = YES;
				CLANG_WARN_CONSTANT_CONVERSION = YES;
				CLANG_WARN_DEPRECATED_OBJC_IMPLEMENTATIONS = YES;
				CLANG_WARN_DIRECT_OBJC_ISA_USAGE = YES_ERROR;
				CLANG_WARN_DOCUMENTATION_COMMENTS = YES;
				CLANG_WARN_EMPTY_BODY = YES;
				CLANG_WARN_ENUM_CONVERSION = YES;
				CLANG_WARN_INFINITE_RECURSION = YES;
				CLANG_WARN_INT_CONVERSION = YES;
				CLANG_WARN_NON_LITERAL_NULL_CONVERSION = YES;
				CLANG_WARN_OBJC_IMPLICIT_RETAIN_SELF = YES;
				CLANG_WARN_OBJC_LITERAL_CONVERSION = YES;
				CLANG_WARN_OBJC_ROOT_CLASS = YES_ERROR;
				CLANG_WARN_QUOTED_INCLUDE_IN_FRAMEWORK_HEADER = YES;
				CLANG_WARN_RANGE_LOOP_ANALYSIS = YES;
				CLANG_WARN_STRICT_PROTOTYPES = YES;
				CLANG_WARN_SUSPICIOUS_MOVE = YES;
				CLANG_WARN_UNGUARDED_AVAILABILITY = YES_AGGRESSIVE;
				CLANG_WARN_UNREACHABLE_CODE = YES;
				CLANG_WARN__DUPLICATE_METHOD_MATCH = YES;
				COPY_PHASE_STRIP = NO;
				DEBUG_INFORMATION_FORMAT = "dwarf-with-dsym";
				ENABLE_NS_ASSERTIONS = NO;
				ENABLE_STRICT_OBJC_MSGSEND = YES;
				GCC_C_LANGUAGE_STANDARD = gnu11;
				GCC_NO_COMMON_BLOCKS = YES;
				GCC_WARN_64_TO_32_BIT_CONVERSION = YES;
				GCC_WARN_ABOUT_RETURN_TYPE = YES_ERROR;
				GCC_WARN_UNDECLARED_SELECTOR = YES;
				GCC_WARN_UNINITIALIZED_AUTOS = YES_AGGRESSIVE;
				GCC_WARN_UNUSED_FUNCTION = YES;
				GCC_WARN_UNUSED_VARIABLE = YES;
				IPHONEOS_DEPLOYMENT_TARGET = 16.4;
				MTL_ENABLE_DEBUG_INFO = NO;
				MTL_FAST_MATH = YES;
				SDKROOT = iphoneos;
				SWIFT_COMPILATION_MODE = wholemodule;
				SWIFT_OPTIMIZATION_LEVEL = "-O";
				VALIDATE_PRODUCT = YES;
			};
			name = Release;
		};
		C3F0B2892A16B39F00BF63D8 /* Debug */ = {
			isa = XCBuildConfiguration;
			buildSettings = {
				ASSETCATALOG_COMPILER_APPICON_NAME = AppIcon;
				ASSETCATALOG_COMPILER_GLOBAL_ACCENT_COLOR_NAME = AccentColor;
				CODE_SIGN_STYLE = Automatic;
				CURRENT_PROJECT_VERSION = 1;
				DEVELOPMENT_TEAM = 9P74L4GXWB;
				GENERATE_INFOPLIST_FILE = YES;
				INFOPLIST_FILE = "City Airport Search/Info.plist";
				INFOPLIST_KEY_UIApplicationSupportsIndirectInputEvents = YES;
				INFOPLIST_KEY_UILaunchStoryboardName = LaunchScreen;
				INFOPLIST_KEY_UISupportedInterfaceOrientations = "UIInterfaceOrientationLandscapeRight UIInterfaceOrientationPortrait";
				INFOPLIST_KEY_UISupportedInterfaceOrientations_iPad = "UIInterfaceOrientationPortrait UIInterfaceOrientationPortraitUpsideDown";
				LD_RUNPATH_SEARCH_PATHS = (
					"$(inherited)",
					"@executable_path/Frameworks",
				);
				MARKETING_VERSION = 1.0;
				PRODUCT_BUNDLE_IDENTIFIER = "com.dukena.City-Airport-Search";
				PRODUCT_NAME = "$(TARGET_NAME)";
				SWIFT_EMIT_LOC_STRINGS = YES;
				SWIFT_VERSION = 5.0;
				TARGETED_DEVICE_FAMILY = "1,2";
			};
			name = Debug;
		};
		C3F0B28A2A16B39F00BF63D8 /* Release */ = {
			isa = XCBuildConfiguration;
			buildSettings = {
				ASSETCATALOG_COMPILER_APPICON_NAME = AppIcon;
				ASSETCATALOG_COMPILER_GLOBAL_ACCENT_COLOR_NAME = AccentColor;
				CODE_SIGN_STYLE = Automatic;
				CURRENT_PROJECT_VERSION = 1;
				DEVELOPMENT_TEAM = 9P74L4GXWB;
				GENERATE_INFOPLIST_FILE = YES;
				INFOPLIST_FILE = "City Airport Search/Info.plist";
				INFOPLIST_KEY_UIApplicationSupportsIndirectInputEvents = YES;
				INFOPLIST_KEY_UILaunchStoryboardName = LaunchScreen;
				INFOPLIST_KEY_UISupportedInterfaceOrientations = "UIInterfaceOrientationLandscapeRight UIInterfaceOrientationPortrait";
				INFOPLIST_KEY_UISupportedInterfaceOrientations_iPad = "UIInterfaceOrientationPortrait UIInterfaceOrientationPortraitUpsideDown";
				LD_RUNPATH_SEARCH_PATHS = (
					"$(inherited)",
					"@executable_path/Frameworks",
				);
				MARKETING_VERSION = 1.0;
				PRODUCT_BUNDLE_IDENTIFIER = "com.dukena.City-Airport-Search";
				PRODUCT_NAME = "$(TARGET_NAME)";
				SWIFT_EMIT_LOC_STRINGS = YES;
				SWIFT_VERSION = 5.0;
				TARGETED_DEVICE_FAMILY = "1,2";
			};
			name = Release;
		};
/* End XCBuildConfiguration section */

/* Begin XCConfigurationList section */
		C3F0B26F2A16B39D00BF63D8 /* Build configuration list for PBXProject "City Airport Search" */ = {
			isa = XCConfigurationList;
			buildConfigurations = (
				C3F0B2862A16B39F00BF63D8 /* Debug */,
				C3F0B2872A16B39F00BF63D8 /* Release */,
			);
			defaultConfigurationIsVisible = 0;
			defaultConfigurationName = Release;
		};
		C3F0B2882A16B39F00BF63D8 /* Build configuration list for PBXNativeTarget "City Airport Search" */ = {
			isa = XCConfigurationList;
			buildConfigurations = (
				C3F0B2892A16B39F00BF63D8 /* Debug */,
				C3F0B28A2A16B39F00BF63D8 /* Release */,
			);
			defaultConfigurationIsVisible = 0;
			defaultConfigurationName = Release;
		};
/* End XCConfigurationList section */

/* Begin XCRemoteSwiftPackageReference section */
		C3F0B28B2A16B4BC00BF63D8 /* XCRemoteSwiftPackageReference "RxSwift" */ = {
			isa = XCRemoteSwiftPackageReference;
			repositoryURL = "https://github.com/ReactiveX/RxSwift";
			requirement = {
				kind = upToNextMajorVersion;
				minimumVersion = 6.0.0;
			};
		};
		C3F0B2942A16BA6C00BF63D8 /* XCRemoteSwiftPackageReference "RxDataSources" */ = {
			isa = XCRemoteSwiftPackageReference;
			repositoryURL = "https://github.com/RxSwiftCommunity/RxDataSources";
			requirement = {
				kind = upToNextMajorVersion;
				minimumVersion = 5.0.0;
			};
		};
/* End XCRemoteSwiftPackageReference section */

/* Begin XCSwiftPackageProductDependency section */
		C3F0B28E2A16B4BC00BF63D8 /* RxSwift */ = {
			isa = XCSwiftPackageProductDependency;
			package = C3F0B28B2A16B4BC00BF63D8 /* XCRemoteSwiftPackageReference "RxSwift" */;
			productName = RxSwift;
		};
		C3F0B2952A16BA6C00BF63D8 /* RxDataSources */ = {
			isa = XCSwiftPackageProductDependency;
			package = C3F0B2942A16BA6C00BF63D8 /* XCRemoteSwiftPackageReference "RxDataSources" */;
			productName = RxDataSources;
		};
		C3F0B2982A16BB7700BF63D8 /* RxCocoa */ = {
			isa = XCSwiftPackageProductDependency;
			package = C3F0B28B2A16B4BC00BF63D8 /* XCRemoteSwiftPackageReference "RxSwift" */;
			productName = RxCocoa;
		};
/* End XCSwiftPackageProductDependency section */
	};
	rootObject = C3F0B26C2A16B39D00BF63D8 /* Project object */;
}
